
Microsoft Visual Studio Solution File, Format Version 12.00
# Visual Studio 15
VisualStudioVersion = 15.0.28010.0
MinimumVisualStudioVersion = 10.0.40219.1
Project("{FAE04EC0-301F-11D3-BF4B-00C04F79EFBC}") = "Animal Kingdom", "Animal Kingdom\Animal Kingdom.csproj", "{3CF961F9-3CD5-444B-A6AF-5A84B0FC8471}"
EndProject
Global
	GlobalSection(SolutionConfigurationPlatforms) = preSolution
		Debug|Any CPU = Debug|Any CPU
		Release|Any CPU = Release|Any CPU
	EndGlobalSection
	GlobalSection(ProjectConfigurationPlatforms) = postSolution
		{3CF961F9-3CD5-444B-A6AF-5A84B0FC8471}.Debug|Any CPU.ActiveCfg = Debug|Any CPU
		{3CF961F9-3CD5-444B-A6AF-5A84B0FC8471}.Debug|Any CPU.Build.0 = Debug|Any CPU
		{3CF961F9-3CD5-444B-A6AF-5A84B0FC8471}.Release|Any CPU.ActiveCfg = Release|Any CPU
		{3CF961F9-3CD5-444B-A6AF-5A84B0FC8471}.Release|Any CPU.Build.0 = Release|Any CPU
	EndGlobalSection
	GlobalSection(SolutionProperties) = preSolution
		HideSolutionNode = FALSE
	EndGlobalSection
	GlobalSection(ExtensibilityGlobals) = postSolution
		SolutionGuid = {3667D187-39F5-4EE0-A431-625E037C4938}
	EndGlobalSection
EndGlobal
